PODS:
  - GoogleAnalytics-iOS-SDK (3.10):
    - GoogleAnalytics-iOS-SDK/Core (= 3.10)
  - GoogleAnalytics-iOS-SDK/Core (3.10)
  - NSDate+Helper (1.0.0)

DEPENDENCIES:
  - GoogleAnalytics-iOS-SDK (~> 3.10)
  - NSDate+Helper (~> 1.0)

SPEC CHECKSUMS:
  GoogleAnalytics-iOS-SDK: f422062075d9ccb1ea8d783fc5ba3829461e9502
  NSDate+Helper: ebde22e90dc7ae5e9b49179a0c32e550f7a9cd57

COCOAPODS: 0.36.0
