// !$*UTF8*$!
{
	archiveVersion = 1;
	classes = {
	};
	objectVersion = 46;
	objects = {

/* Begin PBXBuildFile section */
		5D57D4981A481F7A0030EF9C /* CloudKit.framework in Frameworks */ = {isa = PBXBuildFile; fileRef = 5D57D4971A481F7A0030EF9C /* CloudKit.framework */; };
		5D57D49A1A48219E0030EF9C /* LKModel.swift in Sources */ = {isa = PBXBuildFile; fileRef = 5D57D4991A48219E0030EF9C /* LKModel.swift */; };
		5D83B1491A2B4E2000BB17E3 /* LKItemCell.swift in Sources */ = {isa = PBXBuildFile; fileRef = 5D83B1471A2B4E2000BB17E3 /* LKItemCell.swift */; };
		5D83B14A1A2B4E2000BB17E3 /* LKItemCell.xib in Resources */ = {isa = PBXBuildFile; fileRef = 5D83B1481A2B4E2000BB17E3 /* LKItemCell.xib */; };
		5D97BC0C1A4960B700C685A4 /* LocalData.plist in Resources */ = {isa = PBXBuildFile; fileRef = 5D97BC0B1A4960B700C685A4 /* LocalData.plist */; };
		5DAA338F1A2B19EB006DDB65 /* AppDelegate.swift in Sources */ = {isa = PBXBuildFile; fileRef = 5DAA338E1A2B19EB006DDB65 /* AppDelegate.swift */; };
		5DAA33921A2B19EB006DDB65 /* Countr.xcdatamodeld in Sources */ = {isa = PBXBuildFile; fileRef = 5DAA33901A2B19EB006DDB65 /* Countr.xcdatamodeld */; };
		5DAA33971A2B19EB006DDB65 /* Main.storyboard in Resources */ = {isa = PBXBuildFile; fileRef = 5DAA33951A2B19EB006DDB65 /* Main.storyboard */; };
		5DAA33991A2B19EB006DDB65 /* Images.xcassets in Resources */ = {isa = PBXBuildFile; fileRef = 5DAA33981A2B19EB006DDB65 /* Images.xcassets */; };
		5DAA339C1A2B19EB006DDB65 /* LaunchScreen.xib in Resources */ = {isa = PBXBuildFile; fileRef = 5DAA339A1A2B19EB006DDB65 /* LaunchScreen.xib */; };
		5DAA33A81A2B19EB006DDB65 /* CountrTests.swift in Sources */ = {isa = PBXBuildFile; fileRef = 5DAA33A71A2B19EB006DDB65 /* CountrTests.swift */; };
		5DAA33B21A2B1A7F006DDB65 /* LKCountdown.swift in Sources */ = {isa = PBXBuildFile; fileRef = 5DAA33B11A2B1A7F006DDB65 /* LKCountdown.swift */; };
		5DAA33B81A2B4026006DDB65 /* LKAddItemViewController.swift in Sources */ = {isa = PBXBuildFile; fileRef = 5DAA33B71A2B4026006DDB65 /* LKAddItemViewController.swift */; };
		5DAA33BA1A2B42B8006DDB65 /* LKMainCollectionViewController.swift in Sources */ = {isa = PBXBuildFile; fileRef = 5DAA33B91A2B42B8006DDB65 /* LKMainCollectionViewController.swift */; };
/* End PBXBuildFile section */

/* Begin PBXContainerItemProxy section */
		5DAA33A21A2B19EB006DDB65 /* PBXContainerItemProxy */ = {
			isa = PBXContainerItemProxy;
			containerPortal = 5DAA33811A2B19EB006DDB65 /* Project object */;
			proxyType = 1;
			remoteGlobalIDString = 5DAA33881A2B19EB006DDB65;
			remoteInfo = Countr;
		};
/* End PBXContainerItemProxy section */

/* Begin PBXFileReference section */
		5D57D4961A481F770030EF9C /* Countr.entitlements */ = {isa = PBXFileReference; lastKnownFileType = text.xml; path = Countr.entitlements; sourceTree = "<group>"; };
		5D57D4971A481F7A0030EF9C /* CloudKit.framework */ = {isa = PBXFileReference; lastKnownFileType = wrapper.framework; name = CloudKit.framework; path = System/Library/Frameworks/CloudKit.framework; sourceTree = SDKROOT; };
		5D57D4991A48219E0030EF9C /* LKModel.swift */ = {isa = PBXFileReference; fileEncoding = 4; lastKnownFileType = sourcecode.swift; path = LKModel.swift; sourceTree = "<group>"; };
		5D83B1471A2B4E2000BB17E3 /* LKItemCell.swift */ = {isa = PBXFileReference; fileEncoding = 4; lastKnownFileType = sourcecode.swift; path = LKItemCell.swift; sourceTree = "<group>"; };
		5D83B1481A2B4E2000BB17E3 /* LKItemCell.xib */ = {isa = PBXFileReference; fileEncoding = 4; lastKnownFileType = file.xib; path = LKItemCell.xib; sourceTree = "<group>"; };
		5D97BC0B1A4960B700C685A4 /* LocalData.plist */ = {isa = PBXFileReference; fileEncoding = 4; lastKnownFileType = text.plist.xml; path = LocalData.plist; sourceTree = "<group>"; };
		5DAA33891A2B19EB006DDB65 /* Countr.app */ = {isa = PBXFileReference; explicitFileType = wrapper.application; includeInIndex = 0; path = Countr.app; sourceTree = BUILT_PRODUCTS_DIR; };
		5DAA338D1A2B19EB006DDB65 /* Info.plist */ = {isa = PBXFileReference; lastKnownFileType = text.plist.xml; path = Info.plist; sourceTree = "<group>"; };
		5DAA338E1A2B19EB006DDB65 /* AppDelegate.swift */ = {isa = PBXFileReference; lastKnownFileType = sourcecode.swift; path = AppDelegate.swift; sourceTree = "<group>"; };
		5DAA33911A2B19EB006DDB65 /* Countr.xcdatamodel */ = {isa = PBXFileReference; lastKnownFileType = wrapper.xcdatamodel; path = Countr.xcdatamodel; sourceTree = "<group>"; };
		5DAA33961A2B19EB006DDB65 /* Base */ = {isa = PBXFileReference; lastKnownFileType = file.storyboard; name = Base; path = Base.lproj/Main.storyboard; sourceTree = "<group>"; };
		5DAA33981A2B19EB006DDB65 /* Images.xcassets */ = {isa = PBXFileReference; lastKnownFileType = folder.assetcatalog; path = Images.xcassets; sourceTree = "<group>"; };
		5DAA339B1A2B19EB006DDB65 /* Base */ = {isa = PBXFileReference; lastKnownFileType = file.xib; name = Base; path = Base.lproj/LaunchScreen.xib; sourceTree = "<group>"; };
		5DAA33A11A2B19EB006DDB65 /* CountrTests.xctest */ = {isa = PBXFileReference; explicitFileType = wrapper.cfbundle; includeInIndex = 0; path = CountrTests.xctest; sourceTree = BUILT_PRODUCTS_DIR; };
		5DAA33A61A2B19EB006DDB65 /* Info.plist */ = {isa = PBXFileReference; lastKnownFileType = text.plist.xml; path = Info.plist; sourceTree = "<group>"; };
		5DAA33A71A2B19EB006DDB65 /* CountrTests.swift */ = {isa = PBXFileReference; lastKnownFileType = sourcecode.swift; path = CountrTests.swift; sourceTree = "<group>"; };
		5DAA33B11A2B1A7F006DDB65 /* LKCountdown.swift */ = {isa = PBXFileReference; fileEncoding = 4; lastKnownFileType = sourcecode.swift; path = LKCountdown.swift; sourceTree = "<group>"; };
		5DAA33B71A2B4026006DDB65 /* LKAddItemViewController.swift */ = {isa = PBXFileReference; fileEncoding = 4; lastKnownFileType = sourcecode.swift; path = LKAddItemViewController.swift; sourceTree = "<group>"; };
		5DAA33B91A2B42B8006DDB65 /* LKMainCollectionViewController.swift */ = {isa = PBXFileReference; fileEncoding = 4; lastKnownFileType = sourcecode.swift; path = LKMainCollectionViewController.swift; sourceTree = "<group>"; };
/* End PBXFileReference section */

/* Begin PBXFrameworksBuildPhase section */
		5DAA33861A2B19EB006DDB65 /* Frameworks */ = {
			isa = PBXFrameworksBuildPhase;
			buildActionMask = 2147483647;
			files = (
				5D57D4981A481F7A0030EF9C /* CloudKit.framework in Frameworks */,
			);
			runOnlyForDeploymentPostprocessing = 0;
		};
		5DAA339E1A2B19EB006DDB65 /* Frameworks */ = {
			isa = PBXFrameworksBuildPhase;
			buildActionMask = 2147483647;
			files = (
			);
			runOnlyForDeploymentPostprocessing = 0;
		};
/* End PBXFrameworksBuildPhase section */

/* Begin PBXGroup section */
		5DAA33801A2B19EB006DDB65 = {
			isa = PBXGroup;
			children = (
				5D57D4971A481F7A0030EF9C /* CloudKit.framework */,
				5DAA338B1A2B19EB006DDB65 /* Countr */,
				5DAA33A41A2B19EB006DDB65 /* CountrTests */,
				5DAA338A1A2B19EB006DDB65 /* Products */,
			);
			sourceTree = "<group>";
		};
		5DAA338A1A2B19EB006DDB65 /* Products */ = {
			isa = PBXGroup;
			children = (
				5DAA33891A2B19EB006DDB65 /* Countr.app */,
				5DAA33A11A2B19EB006DDB65 /* CountrTests.xctest */,
			);
			name = Products;
			sourceTree = "<group>";
		};
		5DAA338B1A2B19EB006DDB65 /* Countr */ = {
			isa = PBXGroup;
			children = (
				5D57D4961A481F770030EF9C /* Countr.entitlements */,
				5DAA338E1A2B19EB006DDB65 /* AppDelegate.swift */,
				5D57D4991A48219E0030EF9C /* LKModel.swift */,
				5D97BC0B1A4960B700C685A4 /* LocalData.plist */,
				5DAA33B71A2B4026006DDB65 /* LKAddItemViewController.swift */,
				5DAA33951A2B19EB006DDB65 /* Main.storyboard */,
				5DAA33B11A2B1A7F006DDB65 /* LKCountdown.swift */,
				5DAA33B91A2B42B8006DDB65 /* LKMainCollectionViewController.swift */,
				5D83B1471A2B4E2000BB17E3 /* LKItemCell.swift */,
				5D83B1481A2B4E2000BB17E3 /* LKItemCell.xib */,
				5DAA33981A2B19EB006DDB65 /* Images.xcassets */,
				5DAA339A1A2B19EB006DDB65 /* LaunchScreen.xib */,
				5DAA33901A2B19EB006DDB65 /* Countr.xcdatamodeld */,
				5DAA338C1A2B19EB006DDB65 /* Supporting Files */,
			);
			path = Countr;
			sourceTree = "<group>";
		};
		5DAA338C1A2B19EB006DDB65 /* Supporting Files */ = {
			isa = PBXGroup;
			children = (
				5DAA338D1A2B19EB006DDB65 /* Info.plist */,
			);
			name = "Supporting Files";
			sourceTree = "<group>";
		};
		5DAA33A41A2B19EB006DDB65 /* CountrTests */ = {
			isa = PBXGroup;
			children = (
				5DAA33A71A2B19EB006DDB65 /* CountrTests.swift */,
				5DAA33A51A2B19EB006DDB65 /* Supporting Files */,
			);
			path = CountrTests;
			sourceTree = "<group>";
		};
		5DAA33A51A2B19EB006DDB65 /* Supporting Files */ = {
			isa = PBXGroup;
			children = (
				5DAA33A61A2B19EB006DDB65 /* Info.plist */,
			);
			name = "Supporting Files";
			sourceTree = "<group>";
		};
/* End PBXGroup section */

/* Begin PBXNativeTarget section */
		5DAA33881A2B19EB006DDB65 /* Countr */ = {
			isa = PBXNativeTarget;
			buildConfigurationList = 5DAA33AB1A2B19EB006DDB65 /* Build configuration list for PBXNativeTarget "Countr" */;
			buildPhases = (
				5DAA33851A2B19EB006DDB65 /* Sources */,
				5DAA33861A2B19EB006DDB65 /* Frameworks */,
				5DAA33871A2B19EB006DDB65 /* Resources */,
			);
			buildRules = (
			);
			dependencies = (
			);
			name = Countr;
			productName = Countr;
			productReference = 5DAA33891A2B19EB006DDB65 /* Countr.app */;
			productType = "com.apple.product-type.application";
		};
		5DAA33A01A2B19EB006DDB65 /* CountrTests */ = {
			isa = PBXNativeTarget;
			buildConfigurationList = 5DAA33AE1A2B19EB006DDB65 /* Build configuration list for PBXNativeTarget "CountrTests" */;
			buildPhases = (
				5DAA339D1A2B19EB006DDB65 /* Sources */,
				5DAA339E1A2B19EB006DDB65 /* Frameworks */,
				5DAA339F1A2B19EB006DDB65 /* Resources */,
			);
			buildRules = (
			);
			dependencies = (
				5DAA33A31A2B19EB006DDB65 /* PBXTargetDependency */,
			);
			name = CountrTests;
			productName = CountrTests;
			productReference = 5DAA33A11A2B19EB006DDB65 /* CountrTests.xctest */;
			productType = "com.apple.product-type.bundle.unit-test";
		};
/* End PBXNativeTarget section */

/* Begin PBXProject section */
		5DAA33811A2B19EB006DDB65 /* Project object */ = {
			isa = PBXProject;
			attributes = {
				LastUpgradeCheck = 0610;
				ORGANIZATIONNAME = "Lukas Kollmer";
				TargetAttributes = {
					5DAA33881A2B19EB006DDB65 = {
						CreatedOnToolsVersion = 6.1;
						DevelopmentTeam = WL6ZJ4C8V3;
						SystemCapabilities = {
							com.apple.iCloud = {
								enabled = 1;
							};
						};
					};
					5DAA33A01A2B19EB006DDB65 = {
						CreatedOnToolsVersion = 6.1;
						TestTargetID = 5DAA33881A2B19EB006DDB65;
					};
				};
			};
			buildConfigurationList = 5DAA33841A2B19EB006DDB65 /* Build configuration list for PBXProject "Countr" */;
			compatibilityVersion = "Xcode 3.2";
			developmentRegion = English;
			hasScannedForEncodings = 0;
			knownRegions = (
				en,
				Base,
			);
			mainGroup = 5DAA33801A2B19EB006DDB65;
			productRefGroup = 5DAA338A1A2B19EB006DDB65 /* Products */;
			projectDirPath = "";
			projectRoot = "";
			targets = (
				5DAA33881A2B19EB006DDB65 /* Countr */,
				5DAA33A01A2B19EB006DDB65 /* CountrTests */,
			);
		};
/* End PBXProject section */

/* Begin PBXResourcesBuildPhase section */
		5DAA33871A2B19EB006DDB65 /* Resources */ = {
			isa = PBXResourcesBuildPhase;
			buildActionMask = 2147483647;
			files = (
				5DAA33971A2B19EB006DDB65 /* Main.storyboard in Resources */,
				5D97BC0C1A4960B700C685A4 /* LocalData.plist in Resources */,
				5D83B14A1A2B4E2000BB17E3 /* LKItemCell.xib in Resources */,
				5DAA339C1A2B19EB006DDB65 /* LaunchScreen.xib in Resources */,
				5DAA33991A2B19EB006DDB65 /* Images.xcassets in Resources */,
			);
			runOnlyForDeploymentPostprocessing = 0;
		};
		5DAA339F1A2B19EB006DDB65 /* Resources */ = {
			isa = PBXResourcesBuildPhase;
			buildActionMask = 2147483647;
			files = (
			);
			runOnlyForDeploymentPostprocessing = 0;
		};
/* End PBXResourcesBuildPhase section */

/* Begin PBXSourcesBuildPhase section */
		5DAA33851A2B19EB006DDB65 /* Sources */ = {
			isa = PBXSourcesBuildPhase;
			buildActionMask = 2147483647;
			files = (
				5D57D49A1A48219E0030EF9C /* LKModel.swift in Sources */,
				5D83B1491A2B4E2000BB17E3 /* LKItemCell.swift in Sources */,
				5DAA33921A2B19EB006DDB65 /* Countr.xcdatamodeld in Sources */,
				5DAA33B81A2B4026006DDB65 /* LKAddItemViewController.swift in Sources */,
				5DAA338F1A2B19EB006DDB65 /* AppDelegate.swift in Sources */,
				5DAA33BA1A2B42B8006DDB65 /* LKMainCollectionViewController.swift in Sources */,
				5DAA33B21A2B1A7F006DDB65 /* LKCountdown.swift in Sources */,
			);
			runOnlyForDeploymentPostprocessing = 0;
		};
		5DAA339D1A2B19EB006DDB65 /* Sources */ = {
			isa = PBXSourcesBuildPhase;
			buildActionMask = 2147483647;
			files = (
				5DAA33A81A2B19EB006DDB65 /* CountrTests.swift in Sources */,
			);
			runOnlyForDeploymentPostprocessing = 0;
		};
/* End PBXSourcesBuildPhase section */

/* Begin PBXTargetDependency section */
		5DAA33A31A2B19EB006DDB65 /* PBXTargetDependency */ = {
			isa = PBXTargetDependency;
			target = 5DAA33881A2B19EB006DDB65 /* Countr */;
			targetProxy = 5DAA33A21A2B19EB006DDB65 /* PBXContainerItemProxy */;
		};
/* End PBXTargetDependency section */

/* Begin PBXVariantGroup section */
		5DAA33951A2B19EB006DDB65 /* Main.storyboard */ = {
			isa = PBXVariantGroup;
			children = (
				5DAA33961A2B19EB006DDB65 /* Base */,
			);
			name = Main.storyboard;
			sourceTree = "<group>";
		};
		5DAA339A1A2B19EB006DDB65 /* LaunchScreen.xib */ = {
			isa = PBXVariantGroup;
			children = (
				5DAA339B1A2B19EB006DDB65 /* Base */,
			);
			name = LaunchScreen.xib;
			sourceTree = "<group>";
		};
/* End PBXVariantGroup section */

/* Begin XCBuildConfiguration section */
		5DAA33A91A2B19EB006DDB65 /* Debug */ = {
			isa = XCBuildConfiguration;
			buildSettings = {
				ALWAYS_SEARCH_USER_PATHS = NO;
				CLANG_CXX_LANGUAGE_STANDARD = "gnu++0x";
				CLANG_CXX_LIBRARY = "libc++";
				CLANG_ENABLE_MODULES = YES;
				CLANG_ENABLE_OBJC_ARC = YES;
				CLANG_WARN_BOOL_CONVERSION = YES;
				CLANG_WARN_CONSTANT_CONVERSION = YES;
				CLANG_WARN_DIRECT_OBJC_ISA_USAGE = YES_ERROR;
				CLANG_WARN_EMPTY_BODY = YES;
				CLANG_WARN_ENUM_CONVERSION = YES;
				CLANG_WARN_INT_CONVERSION = YES;
				CLANG_WARN_OBJC_ROOT_CLASS = YES_ERROR;
				CLANG_WARN_UNREACHABLE_CODE = YES;
				CLANG_WARN__DUPLICATE_METHOD_MATCH = YES;
				"CODE_SIGN_IDENTITY[sdk=iphoneos*]" = "iPhone Developer";
				COPY_PHASE_STRIP = NO;
				ENABLE_STRICT_OBJC_MSGSEND = YES;
				GCC_C_LANGUAGE_STANDARD = gnu99;
				GCC_DYNAMIC_NO_PIC = NO;
				GCC_OPTIMIZATION_LEVEL = 0;
				GCC_PREPROCESSOR_DEFINITIONS = (
					"DEBUG=1",
					"$(inherited)",
				);
				GCC_SYMBOLS_PRIVATE_EXTERN = NO;
				GCC_WARN_64_TO_32_BIT_CONVERSION = YES;
				GCC_WARN_ABOUT_RETURN_TYPE = YES_ERROR;
				GCC_WARN_UNDECLARED_SELECTOR = YES;
				GCC_WARN_UNINITIALIZED_AUTOS = YES_AGGRESSIVE;
				GCC_WARN_UNUSED_FUNCTION = YES;
				GCC_WARN_UNUSED_VARIABLE = YES;
				IPHONEOS_DEPLOYMENT_TARGET = 8.1;
				MTL_ENABLE_DEBUG_INFO = YES;
				ONLY_ACTIVE_ARCH = YES;
				SDKROOT = iphoneos;
				SWIFT_OPTIMIZATION_LEVEL = "-Onone";
			};
			name = Debug;
		};
		5DAA33AA1A2B19EB006DDB65 /* Release */ = {
			isa = XCBuildConfiguration;
			buildSettings = {
				ALWAYS_SEARCH_USER_PATHS = NO;
				CLANG_CXX_LANGUAGE_STANDARD = "gnu++0x";
				CLANG_CXX_LIBRARY = "libc++";
				CLANG_ENABLE_MODULES = YES;
				CLANG_ENABLE_OBJC_ARC = YES;
				CLANG_WARN_BOOL_CONVERSION = YES;
				CLANG_WARN_CONSTANT_CONVERSION = YES;
				CLANG_WARN_DIRECT_OBJC_ISA_USAGE = YES_ERROR;
				CLANG_WARN_EMPTY_BODY = YES;
				CLANG_WARN_ENUM_CONVERSION = YES;
				CLANG_WARN_INT_CONVERSION = YES;
				CLANG_WARN_OBJC_ROOT_CLASS = YES_ERROR;
				CLANG_WARN_UNREACHABLE_CODE = YES;
				CLANG_WARN__DUPLICATE_METHOD_MATCH = YES;
				"CODE_SIGN_IDENTITY[sdk=iphoneos*]" = "iPhone Developer";
				COPY_PHASE_STRIP = YES;
				ENABLE_NS_ASSERTIONS = NO;
				ENABLE_STRICT_OBJC_MSGSEND = YES;
				GCC_C_LANGUAGE_STANDARD = gnu99;
				GCC_WARN_64_TO_32_BIT_CONVERSION = YES;
				GCC_WARN_ABOUT_RETURN_TYPE = YES_ERROR;
				GCC_WARN_UNDECLARED_SELECTOR = YES;
				GCC_WARN_UNINITIALIZED_AUTOS = YES_AGGRESSIVE;
				GCC_WARN_UNUSED_FUNCTION = YES;
				GCC_WARN_UNUSED_VARIABLE = YES;
				IPHONEOS_DEPLOYMENT_TARGET = 8.1;
				MTL_ENABLE_DEBUG_INFO = NO;
				SDKROOT = iphoneos;
				VALIDATE_PRODUCT = YES;
			};
			name = Release;
		};
		5DAA33AC1A2B19EB006DDB65 /* Debug */ = {
			isa = XCBuildConfiguration;
			buildSettings = {
				ASSETCATALOG_COMPILER_APPICON_NAME = AppIcon;
				CODE_SIGN_ENTITLEMENTS = Countr/Countr.entitlements;
				CODE_SIGN_IDENTITY = "iPhone Developer";
				"CODE_SIGN_IDENTITY[sdk=iphoneos*]" = "iPhone Developer";
				INFOPLIST_FILE = Countr/Info.plist;
				LD_RUNPATH_SEARCH_PATHS = "$(inherited) @executable_path/Frameworks";
				PRODUCT_NAME = "$(TARGET_NAME)";
				PROVISIONING_PROFILE = "";
				TARGETED_DEVICE_FAMILY = "1,2";
			};
			name = Debug;
		};
		5DAA33AD1A2B19EB006DDB65 /* Release */ = {
			isa = XCBuildConfiguration;
			buildSettings = {
				ASSETCATALOG_COMPILER_APPICON_NAME = AppIcon;
				CODE_SIGN_ENTITLEMENTS = Countr/Countr.entitlements;
				CODE_SIGN_IDENTITY = "iPhone Developer";
				"CODE_SIGN_IDENTITY[sdk=iphoneos*]" = "iPhone Developer";
				INFOPLIST_FILE = Countr/Info.plist;
				LD_RUNPATH_SEARCH_PATHS = "$(inherited) @executable_path/Frameworks";
				PRODUCT_NAME = "$(TARGET_NAME)";
				PROVISIONING_PROFILE = "";
				TARGETED_DEVICE_FAMILY = "1,2";
			};
			name = Release;
		};
		5DAA33AF1A2B19EB006DDB65 /* Debug */ = {
			isa = XCBuildConfiguration;
			buildSettings = {
				BUNDLE_LOADER = "$(TEST_HOST)";
				FRAMEWORK_SEARCH_PATHS = (
					"$(SDKROOT)/Developer/Library/Frameworks",
					"$(inherited)",
				);
				GCC_PREPROCESSOR_DEFINITIONS = (
					"DEBUG=1",
					"$(inherited)",
				);
				INFOPLIST_FILE = CountrTests/Info.plist;
				LD_RUNPATH_SEARCH_PATHS = "$(inherited) @executable_path/Frameworks @loader_path/Frameworks";
				PRODUCT_NAME = "$(TARGET_NAME)";
				TEST_HOST = "$(BUILT_PRODUCTS_DIR)/Countr.app/Countr";
			};
			name = Debug;
		};
		5DAA33B01A2B19EB006DDB65 /* Release */ = {
			isa = XCBuildConfiguration;
			buildSettings = {
				BUNDLE_LOADER = "$(TEST_HOST)";
				FRAMEWORK_SEARCH_PATHS = (
					"$(SDKROOT)/Developer/Library/Frameworks",
					"$(inherited)",
				);
				INFOPLIST_FILE = CountrTests/Info.plist;
				LD_RUNPATH_SEARCH_PATHS = "$(inherited) @executable_path/Frameworks @loader_path/Frameworks";
				PRODUCT_NAME = "$(TARGET_NAME)";
				TEST_HOST = "$(BUILT_PRODUCTS_DIR)/Countr.app/Countr";
			};
			name = Release;
		};
/* End XCBuildConfiguration section */

/* Begin XCConfigurationList section */
		5DAA33841A2B19EB006DDB65 /* Build configuration list for PBXProject "Countr" */ = {
			isa = XCConfigurationList;
			buildConfigurations = (
				5DAA33A91A2B19EB006DDB65 /* Debug */,
				5DAA33AA1A2B19EB006DDB65 /* Release */,
			);
			defaultConfigurationIsVisible = 0;
			defaultConfigurationName = Release;
		};
		5DAA33AB1A2B19EB006DDB65 /* Build configuration list for PBXNativeTarget "Countr" */ = {
			isa = XCConfigurationList;
			buildConfigurations = (
				5DAA33AC1A2B19EB006DDB65 /* Debug */,
				5DAA33AD1A2B19EB006DDB65 /* Release */,
			);
			defaultConfigurationIsVisible = 0;
			defaultConfigurationName = Release;
		};
		5DAA33AE1A2B19EB006DDB65 /* Build configuration list for PBXNativeTarget "CountrTests" */ = {
			isa = XCConfigurationList;
			buildConfigurations = (
				5DAA33AF1A2B19EB006DDB65 /* Debug */,
				5DAA33B01A2B19EB006DDB65 /* Release */,
			);
			defaultConfigurationIsVisible = 0;
			defaultConfigurationName = Release;
		};
/* End XCConfigurationList section */

/* Begin XCVersionGroup section */
		5DAA33901A2B19EB006DDB65 /* Countr.xcdatamodeld */ = {
			isa = XCVersionGroup;
			children = (
				5DAA33911A2B19EB006DDB65 /* Countr.xcdatamodel */,
			);
			currentVersion = 5DAA33911A2B19EB006DDB65 /* Countr.xcdatamodel */;
			path = Countr.xcdatamodeld;
			sourceTree = "<group>";
			versionGroupType = wrapper.xcdatamodel;
		};
/* End XCVersionGroup section */
	};
	rootObject = 5DAA33811A2B19EB006DDB65 /* Project object */;
}
