// !$*UTF8*$!
{
	archiveVersion = 1;
	classes = {
	};
	objectVersion = 46;
	objects = {

/* Begin PBXBuildFile section */
		066A32AD2BF22D51716F9342 /* libPods.a in Frameworks */ = {isa = PBXBuildFile; fileRef = C9FCE20DDEA76DB63F5B519B /* libPods.a */; };
		5D0A9D5E1A790DF30040C100 /* UITextField_ClearButton_White.png in Resources */ = {isa = PBXBuildFile; fileRef = 5D0A9D5D1A790DF30040C100 /* UITextField_ClearButton_White.png */; };
		5D0A9D621A79132A0040C100 /* LKDatePicker.swift in Sources */ = {isa = PBXBuildFile; fileRef = 5D0A9D611A79132A0040C100 /* LKDatePicker.swift */; };
		5D33343C1A6A8BD6007D9A4B /* LKInfoViewController.swift in Sources */ = {isa = PBXBuildFile; fileRef = 5D33343B1A6A8BD6007D9A4B /* LKInfoViewController.swift */; };
		5D33885D1A6AB63F0068C37C /* NotificationCenter.framework in Frameworks */ = {isa = PBXBuildFile; fileRef = 5D33885C1A6AB63F0068C37C /* NotificationCenter.framework */; };
		5D3388621A6AB63F0068C37C /* TodayViewController.swift in Sources */ = {isa = PBXBuildFile; fileRef = 5D3388611A6AB63F0068C37C /* TodayViewController.swift */; };
		5D3388641A6AB63F0068C37C /* MainInterface.storyboard in Resources */ = {isa = PBXBuildFile; fileRef = 5D3388631A6AB63F0068C37C /* MainInterface.storyboard */; };
		5D3388671A6AB63F0068C37C /* TodayExtension.appex in Embed App Extensions */ = {isa = PBXBuildFile; fileRef = 5D33885A1A6AB63F0068C37C /* TodayExtension.appex */; settings = {ATTRIBUTES = (RemoveHeadersOnCopy, ); }; };
		5D33886D1A6AB7320068C37C /* Countr.xcdatamodeld in Sources */ = {isa = PBXBuildFile; fileRef = 5DAA33901A2B19EB006DDB65 /* Countr.xcdatamodeld */; };
		5D3388701A6AB8660068C37C /* LKCountdown.swift in Sources */ = {isa = PBXBuildFile; fileRef = 5DAA33B11A2B1A7F006DDB65 /* LKCountdown.swift */; };
		5D3388711A6AB9E80068C37C /* LKModel.swift in Sources */ = {isa = PBXBuildFile; fileRef = 5D57D4991A48219E0030EF9C /* LKModel.swift */; };
		5D33887C1A6AC4640068C37C /* LKExtensionItemCell.swift in Sources */ = {isa = PBXBuildFile; fileRef = 5D33887A1A6AC4640068C37C /* LKExtensionItemCell.swift */; };
		5D33887D1A6AC4640068C37C /* LKExtensionItemCell.xib in Resources */ = {isa = PBXBuildFile; fileRef = 5D33887B1A6AC4640068C37C /* LKExtensionItemCell.xib */; };
		5D56C2081A77F161000E0FE3 /* UIAppearance+Swift.m in Sources */ = {isa = PBXBuildFile; fileRef = 5D56C2071A77F161000E0FE3 /* UIAppearance+Swift.m */; };
		5D57D49A1A48219E0030EF9C /* LKModel.swift in Sources */ = {isa = PBXBuildFile; fileRef = 5D57D4991A48219E0030EF9C /* LKModel.swift */; };
		5D83B1491A2B4E2000BB17E3 /* LKItemCell.swift in Sources */ = {isa = PBXBuildFile; fileRef = 5D83B1471A2B4E2000BB17E3 /* LKItemCell.swift */; };
		5D83B14A1A2B4E2000BB17E3 /* LKItemCell.xib in Resources */ = {isa = PBXBuildFile; fileRef = 5D83B1481A2B4E2000BB17E3 /* LKItemCell.xib */; };
		5D97BC0C1A4960B700C685A4 /* LocalData.plist in Resources */ = {isa = PBXBuildFile; fileRef = 5D97BC0B1A4960B700C685A4 /* LocalData.plist */; };
		5D9DAA081A7BD3E400CED935 /* Extensions.swift in Sources */ = {isa = PBXBuildFile; fileRef = 5D9DAA071A7BD3E400CED935 /* Extensions.swift */; };
		5DAA338F1A2B19EB006DDB65 /* AppDelegate.swift in Sources */ = {isa = PBXBuildFile; fileRef = 5DAA338E1A2B19EB006DDB65 /* AppDelegate.swift */; };
		5DAA33921A2B19EB006DDB65 /* Countr.xcdatamodeld in Sources */ = {isa = PBXBuildFile; fileRef = 5DAA33901A2B19EB006DDB65 /* Countr.xcdatamodeld */; };
		5DAA33971A2B19EB006DDB65 /* Main.storyboard in Resources */ = {isa = PBXBuildFile; fileRef = 5DAA33951A2B19EB006DDB65 /* Main.storyboard */; };
		5DAA33991A2B19EB006DDB65 /* Images.xcassets in Resources */ = {isa = PBXBuildFile; fileRef = 5DAA33981A2B19EB006DDB65 /* Images.xcassets */; };
		5DAA339C1A2B19EB006DDB65 /* LaunchScreen.xib in Resources */ = {isa = PBXBuildFile; fileRef = 5DAA339A1A2B19EB006DDB65 /* LaunchScreen.xib */; };
		5DAA33A81A2B19EB006DDB65 /* CountrTests.swift in Sources */ = {isa = PBXBuildFile; fileRef = 5DAA33A71A2B19EB006DDB65 /* CountrTests.swift */; };
		5DAA33B21A2B1A7F006DDB65 /* LKCountdown.swift in Sources */ = {isa = PBXBuildFile; fileRef = 5DAA33B11A2B1A7F006DDB65 /* LKCountdown.swift */; };
		5DAA33B81A2B4026006DDB65 /* LKAddItemViewController.swift in Sources */ = {isa = PBXBuildFile; fileRef = 5DAA33B71A2B4026006DDB65 /* LKAddItemViewController.swift */; };
		5DAA33BA1A2B42B8006DDB65 /* LKMainCollectionViewController.swift in Sources */ = {isa = PBXBuildFile; fileRef = 5DAA33B91A2B42B8006DDB65 /* LKMainCollectionViewController.swift */; };
		5DE0732E1A79394500A1071E /* CWStatusBarNotification.swift in Sources */ = {isa = PBXBuildFile; fileRef = 5DE0732D1A79394500A1071E /* CWStatusBarNotification.swift */; };
		5DE497731A77E1FE009197A8 /* UIColorExtension.swift in Sources */ = {isa = PBXBuildFile; fileRef = 5DE497721A77E1FE009197A8 /* UIColorExtension.swift */; };
/* End PBXBuildFile section */

/* Begin PBXContainerItemProxy section */
		5D3388651A6AB63F0068C37C /* PBXContainerItemProxy */ = {
			isa = PBXContainerItemProxy;
			containerPortal = 5DAA33811A2B19EB006DDB65 /* Project object */;
			proxyType = 1;
			remoteGlobalIDString = 5D3388591A6AB63F0068C37C;
			remoteInfo = TodayExtension;
		};
		5DAA33A21A2B19EB006DDB65 /* PBXContainerItemProxy */ = {
			isa = PBXContainerItemProxy;
			containerPortal = 5DAA33811A2B19EB006DDB65 /* Project object */;
			proxyType = 1;
			remoteGlobalIDString = 5DAA33881A2B19EB006DDB65;
			remoteInfo = Countr;
		};
/* End PBXContainerItemProxy section */

/* Begin PBXCopyFilesBuildPhase section */
		5D33886B1A6AB6400068C37C /* Embed App Extensions */ = {
			isa = PBXCopyFilesBuildPhase;
			buildActionMask = 2147483647;
			dstPath = "";
			dstSubfolderSpec = 13;
			files = (
				5D3388671A6AB63F0068C37C /* TodayExtension.appex in Embed App Extensions */,
			);
			name = "Embed App Extensions";
			runOnlyForDeploymentPostprocessing = 0;
		};
/* End PBXCopyFilesBuildPhase section */

/* Begin PBXFileReference section */
		18FB7CFE6B3582DD12EF9318 /* Pods.release.xcconfig */ = {isa = PBXFileReference; includeInIndex = 1; lastKnownFileType = text.xcconfig; name = Pods.release.xcconfig; path = "Pods/Target Support Files/Pods/Pods.release.xcconfig"; sourceTree = "<group>"; };
		5D0A9D5D1A790DF30040C100 /* UITextField_ClearButton_White.png */ = {isa = PBXFileReference; lastKnownFileType = image.png; path = UITextField_ClearButton_White.png; sourceTree = "<group>"; };
		5D0A9D611A79132A0040C100 /* LKDatePicker.swift */ = {isa = PBXFileReference; fileEncoding = 4; lastKnownFileType = sourcecode.swift; path = LKDatePicker.swift; sourceTree = "<group>"; };
		5D33343B1A6A8BD6007D9A4B /* LKInfoViewController.swift */ = {isa = PBXFileReference; fileEncoding = 4; lastKnownFileType = sourcecode.swift; path = LKInfoViewController.swift; sourceTree = "<group>"; };
		5D33885A1A6AB63F0068C37C /* TodayExtension.appex */ = {isa = PBXFileReference; explicitFileType = "wrapper.app-extension"; includeInIndex = 0; path = TodayExtension.appex; sourceTree = BUILT_PRODUCTS_DIR; };
		5D33885C1A6AB63F0068C37C /* NotificationCenter.framework */ = {isa = PBXFileReference; lastKnownFileType = wrapper.framework; name = NotificationCenter.framework; path = System/Library/Frameworks/NotificationCenter.framework; sourceTree = SDKROOT; };
		5D3388601A6AB63F0068C37C /* Info.plist */ = {isa = PBXFileReference; lastKnownFileType = text.plist.xml; path = Info.plist; sourceTree = "<group>"; };
		5D3388611A6AB63F0068C37C /* TodayViewController.swift */ = {isa = PBXFileReference; lastKnownFileType = sourcecode.swift; path = TodayViewController.swift; sourceTree = "<group>"; };
		5D3388631A6AB63F0068C37C /* MainInterface.storyboard */ = {isa = PBXFileReference; lastKnownFileType = file.storyboard; path = MainInterface.storyboard; sourceTree = "<group>"; };
		5D33886C1A6AB6810068C37C /* TodayExtension.entitlements */ = {isa = PBXFileReference; lastKnownFileType = text.xml; path = TodayExtension.entitlements; sourceTree = "<group>"; };
		5D33887A1A6AC4640068C37C /* LKExtensionItemCell.swift */ = {isa = PBXFileReference; fileEncoding = 4; lastKnownFileType = sourcecode.swift; path = LKExtensionItemCell.swift; sourceTree = "<group>"; };
		5D33887B1A6AC4640068C37C /* LKExtensionItemCell.xib */ = {isa = PBXFileReference; fileEncoding = 4; lastKnownFileType = file.xib; path = LKExtensionItemCell.xib; sourceTree = "<group>"; };
		5D56C2051A77F160000E0FE3 /* Countr-Bridging-Header.h */ = {isa = PBXFileReference; lastKnownFileType = sourcecode.c.h; path = "Countr-Bridging-Header.h"; sourceTree = "<group>"; };
		5D56C2061A77F161000E0FE3 /* UIAppearance+Swift.h */ = {isa = PBXFileReference; fileEncoding = 4; lastKnownFileType = sourcecode.c.h; path = "UIAppearance+Swift.h"; sourceTree = "<group>"; };
		5D56C2071A77F161000E0FE3 /* UIAppearance+Swift.m */ = {isa = PBXFileReference; fileEncoding = 4; lastKnownFileType = sourcecode.c.objc; path = "UIAppearance+Swift.m"; sourceTree = "<group>"; };
		5D57D4961A481F770030EF9C /* Countr.entitlements */ = {isa = PBXFileReference; lastKnownFileType = text.xml; path = Countr.entitlements; sourceTree = "<group>"; };
		5D57D4991A48219E0030EF9C /* LKModel.swift */ = {isa = PBXFileReference; fileEncoding = 4; lastKnownFileType = sourcecode.swift; path = LKModel.swift; sourceTree = "<group>"; };
		5D83B1471A2B4E2000BB17E3 /* LKItemCell.swift */ = {isa = PBXFileReference; fileEncoding = 4; lastKnownFileType = sourcecode.swift; path = LKItemCell.swift; sourceTree = "<group>"; };
		5D83B1481A2B4E2000BB17E3 /* LKItemCell.xib */ = {isa = PBXFileReference; fileEncoding = 4; lastKnownFileType = file.xib; path = LKItemCell.xib; sourceTree = "<group>"; };
		5D97BC0B1A4960B700C685A4 /* LocalData.plist */ = {isa = PBXFileReference; fileEncoding = 4; lastKnownFileType = text.plist.xml; path = LocalData.plist; sourceTree = "<group>"; };
		5D9DAA071A7BD3E400CED935 /* Extensions.swift */ = {isa = PBXFileReference; fileEncoding = 4; lastKnownFileType = sourcecode.swift; path = Extensions.swift; sourceTree = "<group>"; };
		5D9DAA0C1A7BE19A00CED935 /* NSDate_Playground.playground */ = {isa = PBXFileReference; lastKnownFileType = file.playground; path = NSDate_Playground.playground; sourceTree = "<group>"; };
		5DAA33891A2B19EB006DDB65 /* Countr.app */ = {isa = PBXFileReference; explicitFileType = wrapper.application; includeInIndex = 0; path = Countr.app; sourceTree = BUILT_PRODUCTS_DIR; };
		5DAA338D1A2B19EB006DDB65 /* Info.plist */ = {isa = PBXFileReference; lastKnownFileType = text.plist.xml; path = Info.plist; sourceTree = "<group>"; };
		5DAA338E1A2B19EB006DDB65 /* AppDelegate.swift */ = {isa = PBXFileReference; lastKnownFileType = sourcecode.swift; path = AppDelegate.swift; sourceTree = "<group>"; };
		5DAA33911A2B19EB006DDB65 /* Countr.xcdatamodel */ = {isa = PBXFileReference; lastKnownFileType = wrapper.xcdatamodel; path = Countr.xcdatamodel; sourceTree = "<group>"; };
		5DAA33961A2B19EB006DDB65 /* Base */ = {isa = PBXFileReference; lastKnownFileType = file.storyboard; name = Base; path = Base.lproj/Main.storyboard; sourceTree = "<group>"; };
		5DAA33981A2B19EB006DDB65 /* Images.xcassets */ = {isa = PBXFileReference; lastKnownFileType = folder.assetcatalog; path = Images.xcassets; sourceTree = "<group>"; };
		5DAA339B1A2B19EB006DDB65 /* Base */ = {isa = PBXFileReference; lastKnownFileType = file.xib; name = Base; path = Base.lproj/LaunchScreen.xib; sourceTree = "<group>"; };
		5DAA33A11A2B19EB006DDB65 /* CountrTests.xctest */ = {isa = PBXFileReference; explicitFileType = wrapper.cfbundle; includeInIndex = 0; path = CountrTests.xctest; sourceTree = BUILT_PRODUCTS_DIR; };
		5DAA33A61A2B19EB006DDB65 /* Info.plist */ = {isa = PBXFileReference; lastKnownFileType = text.plist.xml; path = Info.plist; sourceTree = "<group>"; };
		5DAA33A71A2B19EB006DDB65 /* CountrTests.swift */ = {isa = PBXFileReference; lastKnownFileType = sourcecode.swift; path = CountrTests.swift; sourceTree = "<group>"; };
		5DAA33B11A2B1A7F006DDB65 /* LKCountdown.swift */ = {isa = PBXFileReference; fileEncoding = 4; lastKnownFileType = sourcecode.swift; path = LKCountdown.swift; sourceTree = "<group>"; };
		5DAA33B71A2B4026006DDB65 /* LKAddItemViewController.swift */ = {isa = PBXFileReference; fileEncoding = 4; lastKnownFileType = sourcecode.swift; path = LKAddItemViewController.swift; sourceTree = "<group>"; };
		5DAA33B91A2B42B8006DDB65 /* LKMainCollectionViewController.swift */ = {isa = PBXFileReference; fileEncoding = 4; lastKnownFileType = sourcecode.swift; path = LKMainCollectionViewController.swift; sourceTree = "<group>"; };
		5DE0732D1A79394500A1071E /* CWStatusBarNotification.swift */ = {isa = PBXFileReference; fileEncoding = 4; lastKnownFileType = sourcecode.swift; path = CWStatusBarNotification.swift; sourceTree = "<group>"; };
		5DE497721A77E1FE009197A8 /* UIColorExtension.swift */ = {isa = PBXFileReference; fileEncoding = 4; lastKnownFileType = sourcecode.swift; path = UIColorExtension.swift; sourceTree = "<group>"; };
		B3DBA926475D472657B32222 /* Pods.debug.xcconfig */ = {isa = PBXFileReference; includeInIndex = 1; lastKnownFileType = text.xcconfig; name = Pods.debug.xcconfig; path = "Pods/Target Support Files/Pods/Pods.debug.xcconfig"; sourceTree = "<group>"; };
		C9FCE20DDEA76DB63F5B519B /* libPods.a */ = {isa = PBXFileReference; explicitFileType = archive.ar; includeInIndex = 0; path = libPods.a; sourceTree = BUILT_PRODUCTS_DIR; };
/* End PBXFileReference section */

/* Begin PBXFrameworksBuildPhase section */
		5D3388571A6AB63F0068C37C /* Frameworks */ = {
			isa = PBXFrameworksBuildPhase;
			buildActionMask = 2147483647;
			files = (
				5D33885D1A6AB63F0068C37C /* NotificationCenter.framework in Frameworks */,
			);
			runOnlyForDeploymentPostprocessing = 0;
		};
		5DAA33861A2B19EB006DDB65 /* Frameworks */ = {
			isa = PBXFrameworksBuildPhase;
			buildActionMask = 2147483647;
			files = (
				066A32AD2BF22D51716F9342 /* libPods.a in Frameworks */,
			);
			runOnlyForDeploymentPostprocessing = 0;
		};
		5DAA339E1A2B19EB006DDB65 /* Frameworks */ = {
			isa = PBXFrameworksBuildPhase;
			buildActionMask = 2147483647;
			files = (
			);
			runOnlyForDeploymentPostprocessing = 0;
		};
/* End PBXFrameworksBuildPhase section */

/* Begin PBXGroup section */
		5D33885B1A6AB63F0068C37C /* Frameworks */ = {
			isa = PBXGroup;
			children = (
				5D33885C1A6AB63F0068C37C /* NotificationCenter.framework */,
				C9FCE20DDEA76DB63F5B519B /* libPods.a */,
			);
			name = Frameworks;
			sourceTree = "<group>";
		};
		5D33885E1A6AB63F0068C37C /* TodayExtension */ = {
			isa = PBXGroup;
			children = (
				5D33886C1A6AB6810068C37C /* TodayExtension.entitlements */,
				5D3388611A6AB63F0068C37C /* TodayViewController.swift */,
				5D3388631A6AB63F0068C37C /* MainInterface.storyboard */,
				5D33887A1A6AC4640068C37C /* LKExtensionItemCell.swift */,
				5D33887B1A6AC4640068C37C /* LKExtensionItemCell.xib */,
				5D33885F1A6AB63F0068C37C /* Supporting Files */,
			);
			path = TodayExtension;
			sourceTree = "<group>";
		};
		5D33885F1A6AB63F0068C37C /* Supporting Files */ = {
			isa = PBXGroup;
			children = (
				5D3388601A6AB63F0068C37C /* Info.plist */,
			);
			name = "Supporting Files";
			sourceTree = "<group>";
		};
		5DAA33801A2B19EB006DDB65 = {
			isa = PBXGroup;
			children = (
				5DAA338B1A2B19EB006DDB65 /* Countr */,
				5DAA33A41A2B19EB006DDB65 /* CountrTests */,
				5D33885E1A6AB63F0068C37C /* TodayExtension */,
				5D33885B1A6AB63F0068C37C /* Frameworks */,
				5DAA338A1A2B19EB006DDB65 /* Products */,
				981F309711B965AD94DF7FC8 /* Pods */,
			);
			sourceTree = "<group>";
		};
		5DAA338A1A2B19EB006DDB65 /* Products */ = {
			isa = PBXGroup;
			children = (
				5DAA33891A2B19EB006DDB65 /* Countr.app */,
				5DAA33A11A2B19EB006DDB65 /* CountrTests.xctest */,
				5D33885A1A6AB63F0068C37C /* TodayExtension.appex */,
			);
			name = Products;
			sourceTree = "<group>";
		};
		5DAA338B1A2B19EB006DDB65 /* Countr */ = {
			isa = PBXGroup;
			children = (
				5D57D4961A481F770030EF9C /* Countr.entitlements */,
				5DAA338E1A2B19EB006DDB65 /* AppDelegate.swift */,
				5D57D4991A48219E0030EF9C /* LKModel.swift */,
				5D33343B1A6A8BD6007D9A4B /* LKInfoViewController.swift */,
				5D97BC0B1A4960B700C685A4 /* LocalData.plist */,
				5DAA33B71A2B4026006DDB65 /* LKAddItemViewController.swift */,
				5DAA33951A2B19EB006DDB65 /* Main.storyboard */,
				5DAA33B11A2B1A7F006DDB65 /* LKCountdown.swift */,
				5DAA33B91A2B42B8006DDB65 /* LKMainCollectionViewController.swift */,
				5D83B1471A2B4E2000BB17E3 /* LKItemCell.swift */,
				5D0A9D611A79132A0040C100 /* LKDatePicker.swift */,
				5DE0732D1A79394500A1071E /* CWStatusBarNotification.swift */,
				5D83B1481A2B4E2000BB17E3 /* LKItemCell.xib */,
				5DAA33981A2B19EB006DDB65 /* Images.xcassets */,
				5DAA339A1A2B19EB006DDB65 /* LaunchScreen.xib */,
				5DAA33901A2B19EB006DDB65 /* Countr.xcdatamodeld */,
				5D9DAA071A7BD3E400CED935 /* Extensions.swift */,
				5DE497721A77E1FE009197A8 /* UIColorExtension.swift */,
				5D56C2061A77F161000E0FE3 /* UIAppearance+Swift.h */,
				5D56C2071A77F161000E0FE3 /* UIAppearance+Swift.m */,
				5D9DAA0C1A7BE19A00CED935 /* NSDate_Playground.playground */,
				5DAA338C1A2B19EB006DDB65 /* Supporting Files */,
				5D56C2051A77F160000E0FE3 /* Countr-Bridging-Header.h */,
			);
			path = Countr;
			sourceTree = "<group>";
		};
		5DAA338C1A2B19EB006DDB65 /* Supporting Files */ = {
			isa = PBXGroup;
			children = (
				5D0A9D5D1A790DF30040C100 /* UITextField_ClearButton_White.png */,
				5DAA338D1A2B19EB006DDB65 /* Info.plist */,
			);
			name = "Supporting Files";
			sourceTree = "<group>";
		};
		5DAA33A41A2B19EB006DDB65 /* CountrTests */ = {
			isa = PBXGroup;
			children = (
				5DAA33A71A2B19EB006DDB65 /* CountrTests.swift */,
				5DAA33A51A2B19EB006DDB65 /* Supporting Files */,
			);
			path = CountrTests;
			sourceTree = "<group>";
		};
		5DAA33A51A2B19EB006DDB65 /* Supporting Files */ = {
			isa = PBXGroup;
			children = (
				5DAA33A61A2B19EB006DDB65 /* Info.plist */,
			);
			name = "Supporting Files";
			sourceTree = "<group>";
		};
		981F309711B965AD94DF7FC8 /* Pods */ = {
			isa = PBXGroup;
			children = (
				B3DBA926475D472657B32222 /* Pods.debug.xcconfig */,
				18FB7CFE6B3582DD12EF9318 /* Pods.release.xcconfig */,
			);
			name = Pods;
			sourceTree = "<group>";
		};
/* End PBXGroup section */

/* Begin PBXNativeTarget section */
		5D3388591A6AB63F0068C37C /* TodayExtension */ = {
			isa = PBXNativeTarget;
			buildConfigurationList = 5D33886A1A6AB6400068C37C /* Build configuration list for PBXNativeTarget "TodayExtension" */;
			buildPhases = (
				5D3388561A6AB63F0068C37C /* Sources */,
				5D3388571A6AB63F0068C37C /* Frameworks */,
				5D3388581A6AB63F0068C37C /* Resources */,
			);
			buildRules = (
			);
			dependencies = (
			);
			name = TodayExtension;
			productName = TodayExtension;
			productReference = 5D33885A1A6AB63F0068C37C /* TodayExtension.appex */;
			productType = "com.apple.product-type.app-extension";
		};
		5DAA33881A2B19EB006DDB65 /* Countr */ = {
			isa = PBXNativeTarget;
			buildConfigurationList = 5DAA33AB1A2B19EB006DDB65 /* Build configuration list for PBXNativeTarget "Countr" */;
			buildPhases = (
				391FF7997ABA41E78658C22B /* Check Pods Manifest.lock */,
				5DAA33851A2B19EB006DDB65 /* Sources */,
				5DAA33861A2B19EB006DDB65 /* Frameworks */,
				5DAA33871A2B19EB006DDB65 /* Resources */,
				5D33886B1A6AB6400068C37C /* Embed App Extensions */,
				1036446A50168306062A5590 /* Copy Pods Resources */,
			);
			buildRules = (
			);
			dependencies = (
				5D3388661A6AB63F0068C37C /* PBXTargetDependency */,
			);
			name = Countr;
			productName = Countr;
			productReference = 5DAA33891A2B19EB006DDB65 /* Countr.app */;
			productType = "com.apple.product-type.application";
		};
		5DAA33A01A2B19EB006DDB65 /* CountrTests */ = {
			isa = PBXNativeTarget;
			buildConfigurationList = 5DAA33AE1A2B19EB006DDB65 /* Build configuration list for PBXNativeTarget "CountrTests" */;
			buildPhases = (
				5DAA339D1A2B19EB006DDB65 /* Sources */,
				5DAA339E1A2B19EB006DDB65 /* Frameworks */,
				5DAA339F1A2B19EB006DDB65 /* Resources */,
			);
			buildRules = (
			);
			dependencies = (
				5DAA33A31A2B19EB006DDB65 /* PBXTargetDependency */,
			);
			name = CountrTests;
			productName = CountrTests;
			productReference = 5DAA33A11A2B19EB006DDB65 /* CountrTests.xctest */;
			productType = "com.apple.product-type.bundle.unit-test";
		};
/* End PBXNativeTarget section */

/* Begin PBXProject section */
		5DAA33811A2B19EB006DDB65 /* Project object */ = {
			isa = PBXProject;
			attributes = {
				LastUpgradeCheck = 0610;
				ORGANIZATIONNAME = "Lukas Kollmer";
				TargetAttributes = {
					5D3388591A6AB63F0068C37C = {
						CreatedOnToolsVersion = 6.1.1;
						DevelopmentTeam = WL6ZJ4C8V3;
						SystemCapabilities = {
							com.apple.ApplicationGroups.iOS = {
								enabled = 1;
							};
							com.apple.iCloud = {
								enabled = 1;
							};
						};
					};
					5DAA33881A2B19EB006DDB65 = {
						CreatedOnToolsVersion = 6.1;
						DevelopmentTeam = WL6ZJ4C8V3;
						SystemCapabilities = {
							com.apple.ApplicationGroups.iOS = {
								enabled = 1;
							};
							com.apple.iCloud = {
								enabled = 1;
							};
						};
					};
					5DAA33A01A2B19EB006DDB65 = {
						CreatedOnToolsVersion = 6.1;
						TestTargetID = 5DAA33881A2B19EB006DDB65;
					};
				};
			};
			buildConfigurationList = 5DAA33841A2B19EB006DDB65 /* Build configuration list for PBXProject "Countr" */;
			compatibilityVersion = "Xcode 3.2";
			developmentRegion = English;
			hasScannedForEncodings = 0;
			knownRegions = (
				en,
				Base,
			);
			mainGroup = 5DAA33801A2B19EB006DDB65;
			productRefGroup = 5DAA338A1A2B19EB006DDB65 /* Products */;
			projectDirPath = "";
			projectRoot = "";
			targets = (
				5DAA33881A2B19EB006DDB65 /* Countr */,
				5DAA33A01A2B19EB006DDB65 /* CountrTests */,
				5D3388591A6AB63F0068C37C /* TodayExtension */,
			);
		};
/* End PBXProject section */

/* Begin PBXResourcesBuildPhase section */
		5D3388581A6AB63F0068C37C /* Resources */ = {
			isa = PBXResourcesBuildPhase;
			buildActionMask = 2147483647;
			files = (
				5D3388641A6AB63F0068C37C /* MainInterface.storyboard in Resources */,
				5D33887D1A6AC4640068C37C /* LKExtensionItemCell.xib in Resources */,
			);
			runOnlyForDeploymentPostprocessing = 0;
		};
		5DAA33871A2B19EB006DDB65 /* Resources */ = {
			isa = PBXResourcesBuildPhase;
			buildActionMask = 2147483647;
			files = (
				5DAA33971A2B19EB006DDB65 /* Main.storyboard in Resources */,
				5D97BC0C1A4960B700C685A4 /* LocalData.plist in Resources */,
				5D83B14A1A2B4E2000BB17E3 /* LKItemCell.xib in Resources */,
				5D0A9D5E1A790DF30040C100 /* UITextField_ClearButton_White.png in Resources */,
				5DAA339C1A2B19EB006DDB65 /* LaunchScreen.xib in Resources */,
				5DAA33991A2B19EB006DDB65 /* Images.xcassets in Resources */,
			);
			runOnlyForDeploymentPostprocessing = 0;
		};
		5DAA339F1A2B19EB006DDB65 /* Resources */ = {
			isa = PBXResourcesBuildPhase;
			buildActionMask = 2147483647;
			files = (
			);
			runOnlyForDeploymentPostprocessing = 0;
		};
/* End PBXResourcesBuildPhase section */

/* Begin PBXShellScriptBuildPhase section */
		1036446A50168306062A5590 /* Copy Pods Resources */ = {
			isa = PBXShellScriptBuildPhase;
			buildActionMask = 2147483647;
			files = (
			);
			inputPaths = (
			);
			name = "Copy Pods Resources";
			outputPaths = (
			);
			runOnlyForDeploymentPostprocessing = 0;
			shellPath = /bin/sh;
			shellScript = "\"${SRCROOT}/Pods/Target Support Files/Pods/Pods-resources.sh\"\n";
			showEnvVarsInLog = 0;
		};
		391FF7997ABA41E78658C22B /* Check Pods Manifest.lock */ = {
			isa = PBXShellScriptBuildPhase;
			buildActionMask = 2147483647;
			files = (
			);
			inputPaths = (
			);
			name = "Check Pods Manifest.lock";
			outputPaths = (
			);
			runOnlyForDeploymentPostprocessing = 0;
			shellPath = /bin/sh;
			shellScript = "diff \"${PODS_ROOT}/../Podfile.lock\" \"${PODS_ROOT}/Manifest.lock\" > /dev/null\nif [[ $? != 0 ]] ; then\n    cat << EOM\nerror: The sandbox is not in sync with the Podfile.lock. Run 'pod install' or update your CocoaPods installation.\nEOM\n    exit 1\nfi\n";
			showEnvVarsInLog = 0;
		};
/* End PBXShellScriptBuildPhase section */

/* Begin PBXSourcesBuildPhase section */
		5D3388561A6AB63F0068C37C /* Sources */ = {
			isa = PBXSourcesBuildPhase;
			buildActionMask = 2147483647;
			files = (
				5D3388711A6AB9E80068C37C /* LKModel.swift in Sources */,
				5D3388701A6AB8660068C37C /* LKCountdown.swift in Sources */,
				5D33887C1A6AC4640068C37C /* LKExtensionItemCell.swift in Sources */,
				5D33886D1A6AB7320068C37C /* Countr.xcdatamodeld in Sources */,
				5D3388621A6AB63F0068C37C /* TodayViewController.swift in Sources */,
			);
			runOnlyForDeploymentPostprocessing = 0;
		};
		5DAA33851A2B19EB006DDB65 /* Sources */ = {
			isa = PBXSourcesBuildPhase;
			buildActionMask = 2147483647;
			files = (
				5D0A9D621A79132A0040C100 /* LKDatePicker.swift in Sources */,
				5D57D49A1A48219E0030EF9C /* LKModel.swift in Sources */,
				5D83B1491A2B4E2000BB17E3 /* LKItemCell.swift in Sources */,
				5DAA33921A2B19EB006DDB65 /* Countr.xcdatamodeld in Sources */,
				5DAA33B81A2B4026006DDB65 /* LKAddItemViewController.swift in Sources */,
				5DAA338F1A2B19EB006DDB65 /* AppDelegate.swift in Sources */,
				5DE497731A77E1FE009197A8 /* UIColorExtension.swift in Sources */,
				5DAA33BA1A2B42B8006DDB65 /* LKMainCollectionViewController.swift in Sources */,
				5D9DAA081A7BD3E400CED935 /* Extensions.swift in Sources */,
				5D56C2081A77F161000E0FE3 /* UIAppearance+Swift.m in Sources */,
				5DAA33B21A2B1A7F006DDB65 /* LKCountdown.swift in Sources */,
				5DE0732E1A79394500A1071E /* CWStatusBarNotification.swift in Sources */,
				5D33343C1A6A8BD6007D9A4B /* LKInfoViewController.swift in Sources */,
			);
			runOnlyForDeploymentPostprocessing = 0;
		};
		5DAA339D1A2B19EB006DDB65 /* Sources */ = {
			isa = PBXSourcesBuildPhase;
			buildActionMask = 2147483647;
			files = (
				5DAA33A81A2B19EB006DDB65 /* CountrTests.swift in Sources */,
			);
			runOnlyForDeploymentPostprocessing = 0;
		};
/* End PBXSourcesBuildPhase section */

/* Begin PBXTargetDependency section */
		5D3388661A6AB63F0068C37C /* PBXTargetDependency */ = {
			isa = PBXTargetDependency;
			target = 5D3388591A6AB63F0068C37C /* TodayExtension */;
			targetProxy = 5D3388651A6AB63F0068C37C /* PBXContainerItemProxy */;
		};
		5DAA33A31A2B19EB006DDB65 /* PBXTargetDependency */ = {
			isa = PBXTargetDependency;
			target = 5DAA33881A2B19EB006DDB65 /* Countr */;
			targetProxy = 5DAA33A21A2B19EB006DDB65 /* PBXContainerItemProxy */;
		};
/* End PBXTargetDependency section */

/* Begin PBXVariantGroup section */
		5DAA33951A2B19EB006DDB65 /* Main.storyboard */ = {
			isa = PBXVariantGroup;
			children = (
				5DAA33961A2B19EB006DDB65 /* Base */,
			);
			name = Main.storyboard;
			sourceTree = "<group>";
		};
		5DAA339A1A2B19EB006DDB65 /* LaunchScreen.xib */ = {
			isa = PBXVariantGroup;
			children = (
				5DAA339B1A2B19EB006DDB65 /* Base */,
			);
			name = LaunchScreen.xib;
			sourceTree = "<group>";
		};
/* End PBXVariantGroup section */

/* Begin XCBuildConfiguration section */
		5D3388681A6AB6400068C37C /* Debug */ = {
			isa = XCBuildConfiguration;
			buildSettings = {
				CODE_SIGN_ENTITLEMENTS = TodayExtension/TodayExtension.entitlements;
				CODE_SIGN_IDENTITY = "iPhone Developer";
				"CODE_SIGN_IDENTITY[sdk=iphoneos*]" = "iPhone Developer";
				GCC_PREPROCESSOR_DEFINITIONS = (
					"DEBUG=1",
					"$(inherited)",
				);
				INFOPLIST_FILE = TodayExtension/Info.plist;
				LD_RUNPATH_SEARCH_PATHS = "$(inherited) @executable_path/Frameworks @executable_path/../../Frameworks";
				PRODUCT_NAME = "$(TARGET_NAME)";
				PROVISIONING_PROFILE = "";
				SKIP_INSTALL = YES;
			};
			name = Debug;
		};
		5D3388691A6AB6400068C37C /* Release */ = {
			isa = XCBuildConfiguration;
			buildSettings = {
				CODE_SIGN_ENTITLEMENTS = TodayExtension/TodayExtension.entitlements;
				CODE_SIGN_IDENTITY = "iPhone Developer";
				"CODE_SIGN_IDENTITY[sdk=iphoneos*]" = "iPhone Developer";
				INFOPLIST_FILE = TodayExtension/Info.plist;
				LD_RUNPATH_SEARCH_PATHS = "$(inherited) @executable_path/Frameworks @executable_path/../../Frameworks";
				PRODUCT_NAME = "$(TARGET_NAME)";
				PROVISIONING_PROFILE = "";
				SKIP_INSTALL = YES;
			};
			name = Release;
		};
		5DAA33A91A2B19EB006DDB65 /* Debug */ = {
			isa = XCBuildConfiguration;
			buildSettings = {
				ALWAYS_SEARCH_USER_PATHS = NO;
				CLANG_CXX_LANGUAGE_STANDARD = "gnu++0x";
				CLANG_CXX_LIBRARY = "libc++";
				CLANG_ENABLE_MODULES = YES;
				CLANG_ENABLE_OBJC_ARC = YES;
				CLANG_WARN_BOOL_CONVERSION = YES;
				CLANG_WARN_CONSTANT_CONVERSION = YES;
				CLANG_WARN_DIRECT_OBJC_ISA_USAGE = YES_ERROR;
				CLANG_WARN_EMPTY_BODY = YES;
				CLANG_WARN_ENUM_CONVERSION = YES;
				CLANG_WARN_INT_CONVERSION = YES;
				CLANG_WARN_OBJC_ROOT_CLASS = YES_ERROR;
				CLANG_WARN_UNREACHABLE_CODE = YES;
				CLANG_WARN__DUPLICATE_METHOD_MATCH = YES;
				"CODE_SIGN_IDENTITY[sdk=iphoneos*]" = "iPhone Developer";
				COPY_PHASE_STRIP = NO;
				ENABLE_STRICT_OBJC_MSGSEND = YES;
				GCC_C_LANGUAGE_STANDARD = gnu99;
				GCC_DYNAMIC_NO_PIC = NO;
				GCC_OPTIMIZATION_LEVEL = 0;
				GCC_PREPROCESSOR_DEFINITIONS = (
					"DEBUG=1",
					"$(inherited)",
				);
				GCC_SYMBOLS_PRIVATE_EXTERN = NO;
				GCC_WARN_64_TO_32_BIT_CONVERSION = YES;
				GCC_WARN_ABOUT_RETURN_TYPE = YES_ERROR;
				GCC_WARN_UNDECLARED_SELECTOR = YES;
				GCC_WARN_UNINITIALIZED_AUTOS = YES_AGGRESSIVE;
				GCC_WARN_UNUSED_FUNCTION = YES;
				GCC_WARN_UNUSED_VARIABLE = YES;
				IPHONEOS_DEPLOYMENT_TARGET = 8.1;
				MTL_ENABLE_DEBUG_INFO = YES;
				ONLY_ACTIVE_ARCH = YES;
				SDKROOT = iphoneos;
				SWIFT_OPTIMIZATION_LEVEL = "-Onone";
			};
			name = Debug;
		};
		5DAA33AA1A2B19EB006DDB65 /* Release */ = {
			isa = XCBuildConfiguration;
			buildSettings = {
				ALWAYS_SEARCH_USER_PATHS = NO;
				CLANG_CXX_LANGUAGE_STANDARD = "gnu++0x";
				CLANG_CXX_LIBRARY = "libc++";
				CLANG_ENABLE_MODULES = YES;
				CLANG_ENABLE_OBJC_ARC = YES;
				CLANG_WARN_BOOL_CONVERSION = YES;
				CLANG_WARN_CONSTANT_CONVERSION = YES;
				CLANG_WARN_DIRECT_OBJC_ISA_USAGE = YES_ERROR;
				CLANG_WARN_EMPTY_BODY = YES;
				CLANG_WARN_ENUM_CONVERSION = YES;
				CLANG_WARN_INT_CONVERSION = YES;
				CLANG_WARN_OBJC_ROOT_CLASS = YES_ERROR;
				CLANG_WARN_UNREACHABLE_CODE = YES;
				CLANG_WARN__DUPLICATE_METHOD_MATCH = YES;
				"CODE_SIGN_IDENTITY[sdk=iphoneos*]" = "iPhone Developer";
				COPY_PHASE_STRIP = YES;
				ENABLE_NS_ASSERTIONS = NO;
				ENABLE_STRICT_OBJC_MSGSEND = YES;
				GCC_C_LANGUAGE_STANDARD = gnu99;
				GCC_WARN_64_TO_32_BIT_CONVERSION = YES;
				GCC_WARN_ABOUT_RETURN_TYPE = YES_ERROR;
				GCC_WARN_UNDECLARED_SELECTOR = YES;
				GCC_WARN_UNINITIALIZED_AUTOS = YES_AGGRESSIVE;
				GCC_WARN_UNUSED_FUNCTION = YES;
				GCC_WARN_UNUSED_VARIABLE = YES;
				IPHONEOS_DEPLOYMENT_TARGET = 8.1;
				MTL_ENABLE_DEBUG_INFO = NO;
				SDKROOT = iphoneos;
				VALIDATE_PRODUCT = YES;
			};
			name = Release;
		};
		5DAA33AC1A2B19EB006DDB65 /* Debug */ = {
			isa = XCBuildConfiguration;
			baseConfigurationReference = B3DBA926475D472657B32222 /* Pods.debug.xcconfig */;
			buildSettings = {
				ASSETCATALOG_COMPILER_APPICON_NAME = AppIcon;
				CLANG_ENABLE_MODULES = YES;
				CODE_SIGN_ENTITLEMENTS = Countr/Countr.entitlements;
				CODE_SIGN_IDENTITY = "iPhone Developer";
				"CODE_SIGN_IDENTITY[sdk=iphoneos*]" = "iPhone Developer";
				EMBEDDED_CONTENT_CONTAINS_SWIFT = YES;
				FRAMEWORK_SEARCH_PATHS = (
					"$(inherited)",
					"$(SYSTEM_APPS_DIR)/Reveal.app/Contents/SharedSupport/iOS-Libraries",
					"$(PROJECT_DIR)",
				);
				INFOPLIST_FILE = Countr/Info.plist;
				LD_RUNPATH_SEARCH_PATHS = "$(inherited) @executable_path/Frameworks";
				OTHER_LDFLAGS = "$(inherited)";
				PRODUCT_NAME = "$(TARGET_NAME)";
				PROVISIONING_PROFILE = "";
				SWIFT_OBJC_BRIDGING_HEADER = "Countr/Countr-Bridging-Header.h";
				SWIFT_OPTIMIZATION_LEVEL = "-Onone";
				TARGETED_DEVICE_FAMILY = 1;
			};
			name = Debug;
		};
		5DAA33AD1A2B19EB006DDB65 /* Release */ = {
			isa = XCBuildConfiguration;
			baseConfigurationReference = 18FB7CFE6B3582DD12EF9318 /* Pods.release.xcconfig */;
			buildSettings = {
				ASSETCATALOG_COMPILER_APPICON_NAME = AppIcon;
				CLANG_ENABLE_MODULES = YES;
				CODE_SIGN_ENTITLEMENTS = Countr/Countr.entitlements;
				CODE_SIGN_IDENTITY = "iPhone Developer";
				"CODE_SIGN_IDENTITY[sdk=iphoneos*]" = "iPhone Developer";
				EMBEDDED_CONTENT_CONTAINS_SWIFT = YES;
				FRAMEWORK_SEARCH_PATHS = (
					"$(inherited)",
					"$(SYSTEM_APPS_DIR)/Reveal.app/Contents/SharedSupport/iOS-Libraries",
					"$(PROJECT_DIR)",
				);
				INFOPLIST_FILE = Countr/Info.plist;
				LD_RUNPATH_SEARCH_PATHS = "$(inherited) @executable_path/Frameworks";
				PRODUCT_NAME = "$(TARGET_NAME)";
				PROVISIONING_PROFILE = "";
				SWIFT_OBJC_BRIDGING_HEADER = "Countr/Countr-Bridging-Header.h";
				TARGETED_DEVICE_FAMILY = 1;
			};
			name = Release;
		};
		5DAA33AF1A2B19EB006DDB65 /* Debug */ = {
			isa = XCBuildConfiguration;
			buildSettings = {
				BUNDLE_LOADER = "$(TEST_HOST)";
				FRAMEWORK_SEARCH_PATHS = (
					"$(SDKROOT)/Developer/Library/Frameworks",
					"$(inherited)",
				);
				GCC_PREPROCESSOR_DEFINITIONS = (
					"DEBUG=1",
					"$(inherited)",
				);
				INFOPLIST_FILE = CountrTests/Info.plist;
				LD_RUNPATH_SEARCH_PATHS = "$(inherited) @executable_path/Frameworks @loader_path/Frameworks";
				PRODUCT_NAME = "$(TARGET_NAME)";
				TEST_HOST = "$(BUILT_PRODUCTS_DIR)/Countr.app/Countr";
			};
			name = Debug;
		};
		5DAA33B01A2B19EB006DDB65 /* Release */ = {
			isa = XCBuildConfiguration;
			buildSettings = {
				BUNDLE_LOADER = "$(TEST_HOST)";
				FRAMEWORK_SEARCH_PATHS = (
					"$(SDKROOT)/Developer/Library/Frameworks",
					"$(inherited)",
				);
				INFOPLIST_FILE = CountrTests/Info.plist;
				LD_RUNPATH_SEARCH_PATHS = "$(inherited) @executable_path/Frameworks @loader_path/Frameworks";
				PRODUCT_NAME = "$(TARGET_NAME)";
				TEST_HOST = "$(BUILT_PRODUCTS_DIR)/Countr.app/Countr";
			};
			name = Release;
		};
/* End XCBuildConfiguration section */

/* Begin XCConfigurationList section */
		5D33886A1A6AB6400068C37C /* Build configuration list for PBXNativeTarget "TodayExtension" */ = {
			isa = XCConfigurationList;
			buildConfigurations = (
				5D3388681A6AB6400068C37C /* Debug */,
				5D3388691A6AB6400068C37C /* Release */,
			);
			defaultConfigurationIsVisible = 0;
			defaultConfigurationName = Release;
		};
		5DAA33841A2B19EB006DDB65 /* Build configuration list for PBXProject "Countr" */ = {
			isa = XCConfigurationList;
			buildConfigurations = (
				5DAA33A91A2B19EB006DDB65 /* Debug */,
				5DAA33AA1A2B19EB006DDB65 /* Release */,
			);
			defaultConfigurationIsVisible = 0;
			defaultConfigurationName = Release;
		};
		5DAA33AB1A2B19EB006DDB65 /* Build configuration list for PBXNativeTarget "Countr" */ = {
			isa = XCConfigurationList;
			buildConfigurations = (
				5DAA33AC1A2B19EB006DDB65 /* Debug */,
				5DAA33AD1A2B19EB006DDB65 /* Release */,
			);
			defaultConfigurationIsVisible = 0;
			defaultConfigurationName = Release;
		};
		5DAA33AE1A2B19EB006DDB65 /* Build configuration list for PBXNativeTarget "CountrTests" */ = {
			isa = XCConfigurationList;
			buildConfigurations = (
				5DAA33AF1A2B19EB006DDB65 /* Debug */,
				5DAA33B01A2B19EB006DDB65 /* Release */,
			);
			defaultConfigurationIsVisible = 0;
			defaultConfigurationName = Release;
		};
/* End XCConfigurationList section */

/* Begin XCVersionGroup section */
		5DAA33901A2B19EB006DDB65 /* Countr.xcdatamodeld */ = {
			isa = XCVersionGroup;
			children = (
				5DAA33911A2B19EB006DDB65 /* Countr.xcdatamodel */,
			);
			currentVersion = 5DAA33911A2B19EB006DDB65 /* Countr.xcdatamodel */;
			path = Countr.xcdatamodeld;
			sourceTree = "<group>";
			versionGroupType = wrapper.xcdatamodel;
		};
/* End XCVersionGroup section */
	};
	rootObject = 5DAA33811A2B19EB006DDB65 /* Project object */;
}
